
Microsoft Visual Studio Solution File, Format Version 12.00
# Visual Studio Version 17
VisualStudioVersion = 17.0.31717.71
MinimumVisualStudioVersion = 10.0.40219.1
Project("{FAE04EC0-301F-11D3-BF4B-00C04F79EFBC}") = "PotolokParty.UWP", "PotolokParty\PotolokParty.UWP\PotolokParty.UWP.csproj", "{F9DE06FB-F317-4613-9BDB-8D87927AE2DC}"
EndProject
Project("{FAE04EC0-301F-11D3-BF4B-00C04F79EFBC}") = "PotolokParty.Android", "PotolokParty\PotolokParty.Android\PotolokParty.Android.csproj", "{A97C696A-FBBA-4DE7-AD17-226D89E637BA}"
EndProject
Project("{FAE04EC0-301F-11D3-BF4B-00C04F79EFBC}") = "PotolokParty.iOS", "PotolokParty\PotolokParty.iOS\PotolokParty.iOS.csproj", "{4593B3F7-1990-4BA8-B3D4-133A9ACB8538}"
EndProject
Project("{9A19103F-16F7-4668-BE54-9A1E7A4F7556}") = "PotolokParty", "PotolokParty\PotolokParty\PotolokParty.csproj", "{6C8C25DC-68F5-43B2-96A9-4187C26BDF7E}"
EndProject
Project("{FAE04EC0-301F-11D3-BF4B-00C04F79EFBC}") = "PotolokPartyAPI", "PotolokPartyAPI\PotolokPartyAPI.csproj", "{CD02743C-D007-4874-AF4A-3AE4EBAFA264}"
EndProject
Global
	GlobalSection(SolutionConfigurationPlatforms) = preSolution
		Debug|Any CPU = Debug|Any CPU
		Debug|ARM = Debug|ARM
		Debug|iPhone = Debug|iPhone
		Debug|iPhoneSimulator = Debug|iPhoneSimulator
		Debug|x64 = Debug|x64
		Debug|x86 = Debug|x86
		Release|Any CPU = Release|Any CPU
		Release|ARM = Release|ARM
		Release|iPhone = Release|iPhone
		Release|iPhoneSimulator = Release|iPhoneSimulator
		Release|x64 = Release|x64
		Release|x86 = Release|x86
	EndGlobalSection
	GlobalSection(ProjectConfigurationPlatforms) = postSolution
		{F9DE06FB-F317-4613-9BDB-8D87927AE2DC}.Debug|Any CPU.ActiveCfg = Debug|x86
		{F9DE06FB-F317-4613-9BDB-8D87927AE2DC}.Debug|Any CPU.Build.0 = Debug|x86
		{F9DE06FB-F317-4613-9BDB-8D87927AE2DC}.Debug|Any CPU.Deploy.0 = Debug|x86
		{F9DE06FB-F317-4613-9BDB-8D87927AE2DC}.Debug|ARM.ActiveCfg = Debug|ARM
		{F9DE06FB-F317-4613-9BDB-8D87927AE2DC}.Debug|ARM.Build.0 = Debug|ARM
		{F9DE06FB-F317-4613-9BDB-8D87927AE2DC}.Debug|ARM.Deploy.0 = Debug|ARM
		{F9DE06FB-F317-4613-9BDB-8D87927AE2DC}.Debug|iPhone.ActiveCfg = Debug|x86
		{F9DE06FB-F317-4613-9BDB-8D87927AE2DC}.Debug|iPhone.Build.0 = Debug|x86
		{F9DE06FB-F317-4613-9BDB-8D87927AE2DC}.Debug|iPhone.Deploy.0 = Debug|x86
		{F9DE06FB-F317-4613-9BDB-8D87927AE2DC}.Debug|iPhoneSimulator.ActiveCfg = Debug|x86
		{F9DE06FB-F317-4613-9BDB-8D87927AE2DC}.Debug|iPhoneSimulator.Build.0 = Debug|x86
		{F9DE06FB-F317-4613-9BDB-8D87927AE2DC}.Debug|iPhoneSimulator.Deploy.0 = Debug|x86
		{F9DE06FB-F317-4613-9BDB-8D87927AE2DC}.Debug|x64.ActiveCfg = Debug|x64
		{F9DE06FB-F317-4613-9BDB-8D87927AE2DC}.Debug|x64.Build.0 = Debug|x64
		{F9DE06FB-F317-4613-9BDB-8D87927AE2DC}.Debug|x64.Deploy.0 = Debug|x64
		{F9DE06FB-F317-4613-9BDB-8D87927AE2DC}.Debug|x86.ActiveCfg = Debug|x86
		{F9DE06FB-F317-4613-9BDB-8D87927AE2DC}.Debug|x86.Build.0 = Debug|x86
		{F9DE06FB-F317-4613-9BDB-8D87927AE2DC}.Debug|x86.Deploy.0 = Debug|x86
		{F9DE06FB-F317-4613-9BDB-8D87927AE2DC}.Release|Any CPU.ActiveCfg = Release|x86
		{F9DE06FB-F317-4613-9BDB-8D87927AE2DC}.Release|Any CPU.Build.0 = Release|x86
		{F9DE06FB-F317-4613-9BDB-8D87927AE2DC}.Release|Any CPU.Deploy.0 = Release|x86
		{F9DE06FB-F317-4613-9BDB-8D87927AE2DC}.Release|ARM.ActiveCfg = Release|ARM
		{F9DE06FB-F317-4613-9BDB-8D87927AE2DC}.Release|ARM.Build.0 = Release|ARM
		{F9DE06FB-F317-4613-9BDB-8D87927AE2DC}.Release|ARM.Deploy.0 = Release|ARM
		{F9DE06FB-F317-4613-9BDB-8D87927AE2DC}.Release|iPhone.ActiveCfg = Release|x86
		{F9DE06FB-F317-4613-9BDB-8D87927AE2DC}.Release|iPhone.Build.0 = Release|x86
		{F9DE06FB-F317-4613-9BDB-8D87927AE2DC}.Release|iPhone.Deploy.0 = Release|x86
		{F9DE06FB-F317-4613-9BDB-8D87927AE2DC}.Release|iPhoneSimulator.ActiveCfg = Release|x86
		{F9DE06FB-F317-4613-9BDB-8D87927AE2DC}.Release|iPhoneSimulator.Build.0 = Release|x86
		{F9DE06FB-F317-4613-9BDB-8D87927AE2DC}.Release|iPhoneSimulator.Deploy.0 = Release|x86
		{F9DE06FB-F317-4613-9BDB-8D87927AE2DC}.Release|x64.ActiveCfg = Release|x64
		{F9DE06FB-F317-4613-9BDB-8D87927AE2DC}.Release|x64.Build.0 = Release|x64
		{F9DE06FB-F317-4613-9BDB-8D87927AE2DC}.Release|x64.Deploy.0 = Release|x64
		{F9DE06FB-F317-4613-9BDB-8D87927AE2DC}.Release|x86.ActiveCfg = Release|x86
		{F9DE06FB-F317-4613-9BDB-8D87927AE2DC}.Release|x86.Build.0 = Release|x86
		{F9DE06FB-F317-4613-9BDB-8D87927AE2DC}.Release|x86.Deploy.0 = Release|x86
		{A97C696A-FBBA-4DE7-AD17-226D89E637BA}.Debug|Any CPU.ActiveCfg = Debug|Any CPU
		{A97C696A-FBBA-4DE7-AD17-226D89E637BA}.Debug|Any CPU.Build.0 = Debug|Any CPU
		{A97C696A-FBBA-4DE7-AD17-226D89E637BA}.Debug|Any CPU.Deploy.0 = Debug|Any CPU
		{A97C696A-FBBA-4DE7-AD17-226D89E637BA}.Debug|ARM.ActiveCfg = Debug|Any CPU
		{A97C696A-FBBA-4DE7-AD17-226D89E637BA}.Debug|ARM.Build.0 = Debug|Any CPU
		{A97C696A-FBBA-4DE7-AD17-226D89E637BA}.Debug|ARM.Deploy.0 = Debug|Any CPU
		{A97C696A-FBBA-4DE7-AD17-226D89E637BA}.Debug|iPhone.ActiveCfg = Debug|Any CPU
		{A97C696A-FBBA-4DE7-AD17-226D89E637BA}.Debug|iPhone.Build.0 = Debug|Any CPU
		{A97C696A-FBBA-4DE7-AD17-226D89E637BA}.Debug|iPhone.Deploy.0 = Debug|Any CPU
		{A97C696A-FBBA-4DE7-AD17-226D89E637BA}.Debug|iPhoneSimulator.ActiveCfg = Debug|Any CPU
		{A97C696A-FBBA-4DE7-AD17-226D89E637BA}.Debug|iPhoneSimulator.Build.0 = Debug|Any CPU
		{A97C696A-FBBA-4DE7-AD17-226D89E637BA}.Debug|iPhoneSimulator.Deploy.0 = Debug|Any CPU
		{A97C696A-FBBA-4DE7-AD17-226D89E637BA}.Debug|x64.ActiveCfg = Debug|Any CPU
		{A97C696A-FBBA-4DE7-AD17-226D89E637BA}.Debug|x64.Build.0 = Debug|Any CPU
		{A97C696A-FBBA-4DE7-AD17-226D89E637BA}.Debug|x64.Deploy.0 = Debug|Any CPU
		{A97C696A-FBBA-4DE7-AD17-226D89E637BA}.Debug|x86.ActiveCfg = Debug|Any CPU
		{A97C696A-FBBA-4DE7-AD17-226D89E637BA}.Debug|x86.Build.0 = Debug|Any CPU
		{A97C696A-FBBA-4DE7-AD17-226D89E637BA}.Debug|x86.Deploy.0 = Debug|Any CPU
		{A97C696A-FBBA-4DE7-AD17-226D89E637BA}.Release|Any CPU.ActiveCfg = Release|Any CPU
		{A97C696A-FBBA-4DE7-AD17-226D89E637BA}.Release|Any CPU.Build.0 = Release|Any CPU
		{A97C696A-FBBA-4DE7-AD17-226D89E637BA}.Release|Any CPU.Deploy.0 = Release|Any CPU
		{A97C696A-FBBA-4DE7-AD17-226D89E637BA}.Release|ARM.ActiveCfg = Release|Any CPU
		{A97C696A-FBBA-4DE7-AD17-226D89E637BA}.Release|ARM.Build.0 = Release|Any CPU
		{A97C696A-FBBA-4DE7-AD17-226D89E637BA}.Release|ARM.Deploy.0 = Release|Any CPU
		{A97C696A-FBBA-4DE7-AD17-226D89E637BA}.Release|iPhone.ActiveCfg = Release|Any CPU
		{A97C696A-FBBA-4DE7-AD17-226D89E637BA}.Release|iPhone.Build.0 = Release|Any CPU
		{A97C696A-FBBA-4DE7-AD17-226D89E637BA}.Release|iPhone.Deploy.0 = Release|Any CPU
		{A97C696A-FBBA-4DE7-AD17-226D89E637BA}.Release|iPhoneSimulator.ActiveCfg = Release|Any CPU
		{A97C696A-FBBA-4DE7-AD17-226D89E637BA}.Release|iPhoneSimulator.Build.0 = Release|Any CPU
		{A97C696A-FBBA-4DE7-AD17-226D89E637BA}.Release|iPhoneSimulator.Deploy.0 = Release|Any CPU
		{A97C696A-FBBA-4DE7-AD17-226D89E637BA}.Release|x64.ActiveCfg = Release|Any CPU
		{A97C696A-FBBA-4DE7-AD17-226D89E637BA}.Release|x64.Build.0 = Release|Any CPU
		{A97C696A-FBBA-4DE7-AD17-226D89E637BA}.Release|x64.Deploy.0 = Release|Any CPU
		{A97C696A-FBBA-4DE7-AD17-226D89E637BA}.Release|x86.ActiveCfg = Release|Any CPU
		{A97C696A-FBBA-4DE7-AD17-226D89E637BA}.Release|x86.Build.0 = Release|Any CPU
		{A97C696A-FBBA-4DE7-AD17-226D89E637BA}.Release|x86.Deploy.0 = Release|Any CPU
		{4593B3F7-1990-4BA8-B3D4-133A9ACB8538}.Debug|Any CPU.ActiveCfg = Debug|iPhoneSimulator
		{4593B3F7-1990-4BA8-B3D4-133A9ACB8538}.Debug|Any CPU.Build.0 = Debug|iPhoneSimulator
		{4593B3F7-1990-4BA8-B3D4-133A9ACB8538}.Debug|Any CPU.Deploy.0 = Debug|iPhoneSimulator
		{4593B3F7-1990-4BA8-B3D4-133A9ACB8538}.Debug|ARM.ActiveCfg = Debug|iPhone
		{4593B3F7-1990-4BA8-B3D4-133A9ACB8538}.Debug|ARM.Build.0 = Debug|iPhone
		{4593B3F7-1990-4BA8-B3D4-133A9ACB8538}.Debug|ARM.Deploy.0 = Debug|iPhone
		{4593B3F7-1990-4BA8-B3D4-133A9ACB8538}.Debug|iPhone.ActiveCfg = Debug|iPhone
		{4593B3F7-1990-4BA8-B3D4-133A9ACB8538}.Debug|iPhone.Build.0 = Debug|iPhone
		{4593B3F7-1990-4BA8-B3D4-133A9ACB8538}.Debug|iPhone.Deploy.0 = Debug|iPhone
		{4593B3F7-1990-4BA8-B3D4-133A9ACB8538}.Debug|iPhoneSimulator.ActiveCfg = Debug|iPhoneSimulator
		{4593B3F7-1990-4BA8-B3D4-133A9ACB8538}.Debug|iPhoneSimulator.Build.0 = Debug|iPhoneSimulator
		{4593B3F7-1990-4BA8-B3D4-133A9ACB8538}.Debug|iPhoneSimulator.Deploy.0 = Debug|iPhoneSimulator
		{4593B3F7-1990-4BA8-B3D4-133A9ACB8538}.Debug|x64.ActiveCfg = Debug|iPhoneSimulator
		{4593B3F7-1990-4BA8-B3D4-133A9ACB8538}.Debug|x64.Build.0 = Debug|iPhoneSimulator
		{4593B3F7-1990-4BA8-B3D4-133A9ACB8538}.Debug|x64.Deploy.0 = Debug|iPhoneSimulator
		{4593B3F7-1990-4BA8-B3D4-133A9ACB8538}.Debug|x86.ActiveCfg = Debug|iPhoneSimulator
		{4593B3F7-1990-4BA8-B3D4-133A9ACB8538}.Debug|x86.Build.0 = Debug|iPhoneSimulator
		{4593B3F7-1990-4BA8-B3D4-133A9ACB8538}.Debug|x86.Deploy.0 = Debug|iPhoneSimulator
		{4593B3F7-1990-4BA8-B3D4-133A9ACB8538}.Release|Any CPU.ActiveCfg = Release|iPhoneSimulator
		{4593B3F7-1990-4BA8-B3D4-133A9ACB8538}.Release|Any CPU.Build.0 = Release|iPhoneSimulator
		{4593B3F7-1990-4BA8-B3D4-133A9ACB8538}.Release|Any CPU.Deploy.0 = Release|iPhoneSimulator
		{4593B3F7-1990-4BA8-B3D4-133A9ACB8538}.Release|ARM.ActiveCfg = Release|iPhoneSimulator
		{4593B3F7-1990-4BA8-B3D4-133A9ACB8538}.Release|ARM.Build.0 = Release|iPhoneSimulator
		{4593B3F7-1990-4BA8-B3D4-133A9ACB8538}.Release|ARM.Deploy.0 = Release|iPhoneSimulator
		{4593B3F7-1990-4BA8-B3D4-133A9ACB8538}.Release|iPhone.ActiveCfg = Release|iPhone
		{4593B3F7-1990-4BA8-B3D4-133A9ACB8538}.Release|iPhone.Build.0 = Release|iPhone
		{4593B3F7-1990-4BA8-B3D4-133A9ACB8538}.Release|iPhone.Deploy.0 = Release|iPhone
		{4593B3F7-1990-4BA8-B3D4-133A9ACB8538}.Release|iPhoneSimulator.ActiveCfg = Release|iPhoneSimulator
		{4593B3F7-1990-4BA8-B3D4-133A9ACB8538}.Release|iPhoneSimulator.Build.0 = Release|iPhoneSimulator
		{4593B3F7-1990-4BA8-B3D4-133A9ACB8538}.Release|iPhoneSimulator.Deploy.0 = Release|iPhoneSimulator
		{4593B3F7-1990-4BA8-B3D4-133A9ACB8538}.Release|x64.ActiveCfg = Release|iPhoneSimulator
		{4593B3F7-1990-4BA8-B3D4-133A9ACB8538}.Release|x64.Build.0 = Release|iPhoneSimulator
		{4593B3F7-1990-4BA8-B3D4-133A9ACB8538}.Release|x64.Deploy.0 = Release|iPhoneSimulator
		{4593B3F7-1990-4BA8-B3D4-133A9ACB8538}.Release|x86.ActiveCfg = Release|iPhoneSimulator
		{4593B3F7-1990-4BA8-B3D4-133A9ACB8538}.Release|x86.Build.0 = Release|iPhoneSimulator
		{4593B3F7-1990-4BA8-B3D4-133A9ACB8538}.Release|x86.Deploy.0 = Release|iPhoneSimulator
		{6C8C25DC-68F5-43B2-96A9-4187C26BDF7E}.Debug|Any CPU.ActiveCfg = Debug|Any CPU
		{6C8C25DC-68F5-43B2-96A9-4187C26BDF7E}.Debug|Any CPU.Build.0 = Debug|Any CPU
		{6C8C25DC-68F5-43B2-96A9-4187C26BDF7E}.Debug|Any CPU.Deploy.0 = Debug|Any CPU
		{6C8C25DC-68F5-43B2-96A9-4187C26BDF7E}.Debug|ARM.ActiveCfg = Debug|Any CPU
		{6C8C25DC-68F5-43B2-96A9-4187C26BDF7E}.Debug|ARM.Build.0 = Debug|Any CPU
		{6C8C25DC-68F5-43B2-96A9-4187C26BDF7E}.Debug|ARM.Deploy.0 = Debug|Any CPU
		{6C8C25DC-68F5-43B2-96A9-4187C26BDF7E}.Debug|iPhone.ActiveCfg = Debug|Any CPU
		{6C8C25DC-68F5-43B2-96A9-4187C26BDF7E}.Debug|iPhone.Build.0 = Debug|Any CPU
		{6C8C25DC-68F5-43B2-96A9-4187C26BDF7E}.Debug|iPhone.Deploy.0 = Debug|Any CPU
		{6C8C25DC-68F5-43B2-96A9-4187C26BDF7E}.Debug|iPhoneSimulator.ActiveCfg = Debug|Any CPU
		{6C8C25DC-68F5-43B2-96A9-4187C26BDF7E}.Debug|iPhoneSimulator.Build.0 = Debug|Any CPU
		{6C8C25DC-68F5-43B2-96A9-4187C26BDF7E}.Debug|iPhoneSimulator.Deploy.0 = Debug|Any CPU
		{6C8C25DC-68F5-43B2-96A9-4187C26BDF7E}.Debug|x64.ActiveCfg = Debug|Any CPU
		{6C8C25DC-68F5-43B2-96A9-4187C26BDF7E}.Debug|x64.Build.0 = Debug|Any CPU
		{6C8C25DC-68F5-43B2-96A9-4187C26BDF7E}.Debug|x64.Deploy.0 = Debug|Any CPU
		{6C8C25DC-68F5-43B2-96A9-4187C26BDF7E}.Debug|x86.ActiveCfg = Debug|Any CPU
		{6C8C25DC-68F5-43B2-96A9-4187C26BDF7E}.Debug|x86.Build.0 = Debug|Any CPU
		{6C8C25DC-68F5-43B2-96A9-4187C26BDF7E}.Debug|x86.Deploy.0 = Debug|Any CPU
		{6C8C25DC-68F5-43B2-96A9-4187C26BDF7E}.Release|Any CPU.ActiveCfg = Release|Any CPU
		{6C8C25DC-68F5-43B2-96A9-4187C26BDF7E}.Release|Any CPU.Build.0 = Release|Any CPU
		{6C8C25DC-68F5-43B2-96A9-4187C26BDF7E}.Release|Any CPU.Deploy.0 = Release|Any CPU
		{6C8C25DC-68F5-43B2-96A9-4187C26BDF7E}.Release|ARM.ActiveCfg = Release|Any CPU
		{6C8C25DC-68F5-43B2-96A9-4187C26BDF7E}.Release|ARM.Build.0 = Release|Any CPU
		{6C8C25DC-68F5-43B2-96A9-4187C26BDF7E}.Release|ARM.Deploy.0 = Release|Any CPU
		{6C8C25DC-68F5-43B2-96A9-4187C26BDF7E}.Release|iPhone.ActiveCfg = Release|Any CPU
		{6C8C25DC-68F5-43B2-96A9-4187C26BDF7E}.Release|iPhone.Build.0 = Release|Any CPU
		{6C8C25DC-68F5-43B2-96A9-4187C26BDF7E}.Release|iPhone.Deploy.0 = Release|Any CPU
		{6C8C25DC-68F5-43B2-96A9-4187C26BDF7E}.Release|iPhoneSimulator.ActiveCfg = Release|Any CPU
		{6C8C25DC-68F5-43B2-96A9-4187C26BDF7E}.Release|iPhoneSimulator.Build.0 = Release|Any CPU
		{6C8C25DC-68F5-43B2-96A9-4187C26BDF7E}.Release|iPhoneSimulator.Deploy.0 = Release|Any CPU
		{6C8C25DC-68F5-43B2-96A9-4187C26BDF7E}.Release|x64.ActiveCfg = Release|Any CPU
		{6C8C25DC-68F5-43B2-96A9-4187C26BDF7E}.Release|x64.Build.0 = Release|Any CPU
		{6C8C25DC-68F5-43B2-96A9-4187C26BDF7E}.Release|x64.Deploy.0 = Release|Any CPU
		{6C8C25DC-68F5-43B2-96A9-4187C26BDF7E}.Release|x86.ActiveCfg = Release|Any CPU
		{6C8C25DC-68F5-43B2-96A9-4187C26BDF7E}.Release|x86.Build.0 = Release|Any CPU
		{6C8C25DC-68F5-43B2-96A9-4187C26BDF7E}.Release|x86.Deploy.0 = Release|Any CPU
		{CD02743C-D007-4874-AF4A-3AE4EBAFA264}.Debug|Any CPU.ActiveCfg = Debug|Any CPU
		{CD02743C-D007-4874-AF4A-3AE4EBAFA264}.Debug|Any CPU.Build.0 = Debug|Any CPU
		{CD02743C-D007-4874-AF4A-3AE4EBAFA264}.Debug|ARM.ActiveCfg = Debug|Any CPU
		{CD02743C-D007-4874-AF4A-3AE4EBAFA264}.Debug|ARM.Build.0 = Debug|Any CPU
		{CD02743C-D007-4874-AF4A-3AE4EBAFA264}.Debug|iPhone.ActiveCfg = Debug|Any CPU
		{CD02743C-D007-4874-AF4A-3AE4EBAFA264}.Debug|iPhone.Build.0 = Debug|Any CPU
		{CD02743C-D007-4874-AF4A-3AE4EBAFA264}.Debug|iPhoneSimulator.ActiveCfg = Debug|Any CPU
		{CD02743C-D007-4874-AF4A-3AE4EBAFA264}.Debug|iPhoneSimulator.Build.0 = Debug|Any CPU
		{CD02743C-D007-4874-AF4A-3AE4EBAFA264}.Debug|x64.ActiveCfg = Debug|Any CPU
		{CD02743C-D007-4874-AF4A-3AE4EBAFA264}.Debug|x64.Build.0 = Debug|Any CPU
		{CD02743C-D007-4874-AF4A-3AE4EBAFA264}.Debug|x86.ActiveCfg = Debug|Any CPU
		{CD02743C-D007-4874-AF4A-3AE4EBAFA264}.Debug|x86.Build.0 = Debug|Any CPU
		{CD02743C-D007-4874-AF4A-3AE4EBAFA264}.Release|Any CPU.ActiveCfg = Release|Any CPU
		{CD02743C-D007-4874-AF4A-3AE4EBAFA264}.Release|Any CPU.Build.0 = Release|Any CPU
		{CD02743C-D007-4874-AF4A-3AE4EBAFA264}.Release|ARM.ActiveCfg = Release|Any CPU
		{CD02743C-D007-4874-AF4A-3AE4EBAFA264}.Release|ARM.Build.0 = Release|Any CPU
		{CD02743C-D007-4874-AF4A-3AE4EBAFA264}.Release|iPhone.ActiveCfg = Release|Any CPU
		{CD02743C-D007-4874-AF4A-3AE4EBAFA264}.Release|iPhone.Build.0 = Release|Any CPU
		{CD02743C-D007-4874-AF4A-3AE4EBAFA264}.Release|iPhoneSimulator.ActiveCfg = Release|Any CPU
		{CD02743C-D007-4874-AF4A-3AE4EBAFA264}.Release|iPhoneSimulator.Build.0 = Release|Any CPU
		{CD02743C-D007-4874-AF4A-3AE4EBAFA264}.Release|x64.ActiveCfg = Release|Any CPU
		{CD02743C-D007-4874-AF4A-3AE4EBAFA264}.Release|x64.Build.0 = Release|Any CPU
		{CD02743C-D007-4874-AF4A-3AE4EBAFA264}.Release|x86.ActiveCfg = Release|Any CPU
		{CD02743C-D007-4874-AF4A-3AE4EBAFA264}.Release|x86.Build.0 = Release|Any CPU
	EndGlobalSection
	GlobalSection(SolutionProperties) = preSolution
		HideSolutionNode = FALSE
	EndGlobalSection
	GlobalSection(ExtensibilityGlobals) = postSolution
		SolutionGuid = {0A9EF268-D0D0-4BFE-BBC0-9B05064AA0FC}
	EndGlobalSection
EndGlobal
